// !$*UTF8*$!
{
	archiveVersion = 1;
	classes = {
	};
	objectVersion = 46;
	objects = {

/* Begin PBXBuildFile section */
		222AA8F918C2B2D700CEFDBD /* Foundation.framework in Frameworks */ = {isa = PBXBuildFile; fileRef = 222AA8F818C2B2D700CEFDBD /* Foundation.framework */; };
		222AA8FB18C2B2D700CEFDBD /* CoreGraphics.framework in Frameworks */ = {isa = PBXBuildFile; fileRef = 222AA8FA18C2B2D700CEFDBD /* CoreGraphics.framework */; };
		222AA8FD18C2B2D700CEFDBD /* UIKit.framework in Frameworks */ = {isa = PBXBuildFile; fileRef = 222AA8FC18C2B2D700CEFDBD /* UIKit.framework */; };
		222AA90318C2B2D700CEFDBD /* InfoPlist.strings in Resources */ = {isa = PBXBuildFile; fileRef = 222AA90118C2B2D700CEFDBD /* InfoPlist.strings */; };
		222AA90518C2B2D700CEFDBD /* main.m in Sources */ = {isa = PBXBuildFile; fileRef = 222AA90418C2B2D700CEFDBD /* main.m */; };
		222AA90918C2B2D700CEFDBD /* AppDelegate.m in Sources */ = {isa = PBXBuildFile; fileRef = 222AA90818C2B2D700CEFDBD /* AppDelegate.m */; };
		222AA90C18C2B2D700CEFDBD /* Main.storyboard in Resources */ = {isa = PBXBuildFile; fileRef = 222AA90A18C2B2D700CEFDBD /* Main.storyboard */; };
		222AA90F18C2B2D700CEFDBD /* ViewController.m in Sources */ = {isa = PBXBuildFile; fileRef = 222AA90E18C2B2D700CEFDBD /* ViewController.m */; };
		222AA91118C2B2D700CEFDBD /* Images.xcassets in Resources */ = {isa = PBXBuildFile; fileRef = 222AA91018C2B2D700CEFDBD /* Images.xcassets */; };
		222AA91818C2B2D700CEFDBD /* XCTest.framework in Frameworks */ = {isa = PBXBuildFile; fileRef = 222AA91718C2B2D700CEFDBD /* XCTest.framework */; };
		222AA91918C2B2D700CEFDBD /* Foundation.framework in Frameworks */ = {isa = PBXBuildFile; fileRef = 222AA8F818C2B2D700CEFDBD /* Foundation.framework */; };
		222AA91A18C2B2D700CEFDBD /* UIKit.framework in Frameworks */ = {isa = PBXBuildFile; fileRef = 222AA8FC18C2B2D700CEFDBD /* UIKit.framework */; };
		222AA92218C2B2D700CEFDBD /* InfoPlist.strings in Resources */ = {isa = PBXBuildFile; fileRef = 222AA92018C2B2D700CEFDBD /* InfoPlist.strings */; };
		222AA92418C2B2D700CEFDBD /* BabyBearTests.m in Sources */ = {isa = PBXBuildFile; fileRef = 222AA92318C2B2D700CEFDBD /* BabyBearTests.m */; };
		222F80D918C972DB0045757A /* FYX.framework in Frameworks */ = {isa = PBXBuildFile; fileRef = 2242F7CC18C2E4CB00AD3CC7 /* FYX.framework */; };
		2242F7AB18C2D7BD00AD3CC7 /* Bear.png in Resources */ = {isa = PBXBuildFile; fileRef = 2242F7AA18C2D7BD00AD3CC7 /* Bear.png */; };
		2242F7AD18C2D7D000AD3CC7 /* Bottle.png in Resources */ = {isa = PBXBuildFile; fileRef = 2242F7AC18C2D7D000AD3CC7 /* Bottle.png */; };
		2242F7B118C2DC2100AD3CC7 /* BabyObjects.m in Sources */ = {isa = PBXBuildFile; fileRef = 2242F7B018C2DC2100AD3CC7 /* BabyObjects.m */; };
		2242F7B318C2E45900AD3CC7 /* CoreBluetooth.framework in Frameworks */ = {isa = PBXBuildFile; fileRef = 2242F7B218C2E45900AD3CC7 /* CoreBluetooth.framework */; };
		2242F7B518C2E46800AD3CC7 /* CoreLocation.framework in Frameworks */ = {isa = PBXBuildFile; fileRef = 2242F7B418C2E46800AD3CC7 /* CoreLocation.framework */; };
		2242F7B718C2E47500AD3CC7 /* CoreData.framework in Frameworks */ = {isa = PBXBuildFile; fileRef = 2242F7B618C2E47500AD3CC7 /* CoreData.framework */; };
		2242F7B918C2E48000AD3CC7 /* libz.dylib in Frameworks */ = {isa = PBXBuildFile; fileRef = 2242F7B818C2E48000AD3CC7 /* libz.dylib */; };
		2242F7BB18C2E48D00AD3CC7 /* MapKit.framework in Frameworks */ = {isa = PBXBuildFile; fileRef = 2242F7BA18C2E48D00AD3CC7 /* MapKit.framework */; };
		2242F7BD18C2E49900AD3CC7 /* Security.framework in Frameworks */ = {isa = PBXBuildFile; fileRef = 2242F7BC18C2E49900AD3CC7 /* Security.framework */; };
		2242F7D018C2E4CB00AD3CC7 /* Common.framework in Frameworks */ = {isa = PBXBuildFile; fileRef = 2242F7BF18C2E4CB00AD3CC7 /* Common.framework */; };
		2242F7D118C2E4CC00AD3CC7 /* ContextCore.framework in Frameworks */ = {isa = PBXBuildFile; fileRef = 2242F7C218C2E4CB00AD3CC7 /* ContextCore.framework */; };
		2242F7D218C2E4CC00AD3CC7 /* ContextLocation.framework in Frameworks */ = {isa = PBXBuildFile; fileRef = 2242F7C518C2E4CB00AD3CC7 /* ContextLocation.framework */; };
		2242F7D318C2E4CC00AD3CC7 /* DataModels.bundle in Resources */ = {isa = PBXBuildFile; fileRef = 2242F7C718C2E4CB00AD3CC7 /* DataModels.bundle */; };
		2242F7D418C2E4CC00AD3CC7 /* ContextProfiling.framework in Frameworks */ = {isa = PBXBuildFile; fileRef = 2242F7C918C2E4CB00AD3CC7 /* ContextProfiling.framework */; };
		2242F7D518C2E4CC00AD3CC7 /* rules.txt in Resources */ = {isa = PBXBuildFile; fileRef = 2242F7CB18C2E4CB00AD3CC7 /* rules.txt */; };
		2242F7D718C2E4CC00AD3CC7 /* NetworkServices.framework in Frameworks */ = {isa = PBXBuildFile; fileRef = 2242F7CE18C2E4CB00AD3CC7 /* NetworkServices.framework */; };
		2242F7D918C3AE5D00AD3CC7 /* AVFoundation.framework in Frameworks */ = {isa = PBXBuildFile; fileRef = 2242F7D818C3AE5D00AD3CC7 /* AVFoundation.framework */; };
		2242F7DD18C3AF4C00AD3CC7 /* norecording.wav in Resources */ = {isa = PBXBuildFile; fileRef = 2242F7DC18C3AF4C00AD3CC7 /* norecording.wav */; };
/* End PBXBuildFile section */

/* Begin PBXContainerItemProxy section */
		222AA91B18C2B2D700CEFDBD /* PBXContainerItemProxy */ = {
			isa = PBXContainerItemProxy;
			containerPortal = 222AA8ED18C2B2D700CEFDBD /* Project object */;
			proxyType = 1;
			remoteGlobalIDString = 222AA8F418C2B2D700CEFDBD;
			remoteInfo = BabyBear;
		};
/* End PBXContainerItemProxy section */

/* Begin PBXFileReference section */
		222AA8F518C2B2D700CEFDBD /* BabyBear.app */ = {isa = PBXFileReference; explicitFileType = wrapper.application; includeInIndex = 0; path = BabyBear.app; sourceTree = BUILT_PRODUCTS_DIR; };
		222AA8F818C2B2D700CEFDBD /* Foundation.framework */ = {isa = PBXFileReference; lastKnownFileType = wrapper.framework; name = Foundation.framework; path = System/Library/Frameworks/Foundation.framework; sourceTree = SDKROOT; };
		222AA8FA18C2B2D700CEFDBD /* CoreGraphics.framework */ = {isa = PBXFileReference; lastKnownFileType = wrapper.framework; name = CoreGraphics.framework; path = System/Library/Frameworks/CoreGraphics.framework; sourceTree = SDKROOT; };
		222AA8FC18C2B2D700CEFDBD /* UIKit.framework */ = {isa = PBXFileReference; lastKnownFileType = wrapper.framework; name = UIKit.framework; path = System/Library/Frameworks/UIKit.framework; sourceTree = SDKROOT; };
		222AA90018C2B2D700CEFDBD /* BabyBear-Info.plist */ = {isa = PBXFileReference; lastKnownFileType = text.plist.xml; path = "BabyBear-Info.plist"; sourceTree = "<group>"; };
		222AA90218C2B2D700CEFDBD /* en */ = {isa = PBXFileReference; lastKnownFileType = text.plist.strings; name = en; path = en.lproj/InfoPlist.strings; sourceTree = "<group>"; };
		222AA90418C2B2D700CEFDBD /* main.m */ = {isa = PBXFileReference; lastKnownFileType = sourcecode.c.objc; path = main.m; sourceTree = "<group>"; };
		222AA90618C2B2D700CEFDBD /* BabyBear-Prefix.pch */ = {isa = PBXFileReference; lastKnownFileType = sourcecode.c.h; path = "BabyBear-Prefix.pch"; sourceTree = "<group>"; };
		222AA90718C2B2D700CEFDBD /* AppDelegate.h */ = {isa = PBXFileReference; lastKnownFileType = sourcecode.c.h; path = AppDelegate.h; sourceTree = "<group>"; };
		222AA90818C2B2D700CEFDBD /* AppDelegate.m */ = {isa = PBXFileReference; lastKnownFileType = sourcecode.c.objc; path = AppDelegate.m; sourceTree = "<group>"; };
		222AA90B18C2B2D700CEFDBD /* Base */ = {isa = PBXFileReference; lastKnownFileType = file.storyboard; name = Base; path = Base.lproj/Main.storyboard; sourceTree = "<group>"; };
		222AA90D18C2B2D700CEFDBD /* ViewController.h */ = {isa = PBXFileReference; lastKnownFileType = sourcecode.c.h; path = ViewController.h; sourceTree = "<group>"; };
		222AA90E18C2B2D700CEFDBD /* ViewController.m */ = {isa = PBXFileReference; lastKnownFileType = sourcecode.c.objc; path = ViewController.m; sourceTree = "<group>"; };
		222AA91018C2B2D700CEFDBD /* Images.xcassets */ = {isa = PBXFileReference; lastKnownFileType = folder.assetcatalog; path = Images.xcassets; sourceTree = "<group>"; };
		222AA91618C2B2D700CEFDBD /* BabyBearTests.xctest */ = {isa = PBXFileReference; explicitFileType = wrapper.cfbundle; includeInIndex = 0; path = BabyBearTests.xctest; sourceTree = BUILT_PRODUCTS_DIR; };
		222AA91718C2B2D700CEFDBD /* XCTest.framework */ = {isa = PBXFileReference; lastKnownFileType = wrapper.framework; name = XCTest.framework; path = Library/Frameworks/XCTest.framework; sourceTree = DEVELOPER_DIR; };
		222AA91F18C2B2D700CEFDBD /* BabyBearTests-Info.plist */ = {isa = PBXFileReference; lastKnownFileType = text.plist.xml; path = "BabyBearTests-Info.plist"; sourceTree = "<group>"; };
		222AA92118C2B2D700CEFDBD /* en */ = {isa = PBXFileReference; lastKnownFileType = text.plist.strings; name = en; path = en.lproj/InfoPlist.strings; sourceTree = "<group>"; };
		222AA92318C2B2D700CEFDBD /* BabyBearTests.m */ = {isa = PBXFileReference; lastKnownFileType = sourcecode.c.objc; path = BabyBearTests.m; sourceTree = "<group>"; };
		2242F7AA18C2D7BD00AD3CC7 /* Bear.png */ = {isa = PBXFileReference; lastKnownFileType = image.png; path = Bear.png; sourceTree = "<group>"; };
		2242F7AC18C2D7D000AD3CC7 /* Bottle.png */ = {isa = PBXFileReference; lastKnownFileType = image.png; path = Bottle.png; sourceTree = "<group>"; };
		2242F7AF18C2DC2100AD3CC7 /* BabyObjects.h */ = {isa = PBXFileReference; fileEncoding = 4; lastKnownFileType = sourcecode.c.h; path = BabyObjects.h; sourceTree = "<group>"; };
		2242F7B018C2DC2100AD3CC7 /* BabyObjects.m */ = {isa = PBXFileReference; fileEncoding = 4; lastKnownFileType = sourcecode.c.objc; path = BabyObjects.m; sourceTree = "<group>"; };
		2242F7B218C2E45900AD3CC7 /* CoreBluetooth.framework */ = {isa = PBXFileReference; lastKnownFileType = wrapper.framework; name = CoreBluetooth.framework; path = System/Library/Frameworks/CoreBluetooth.framework; sourceTree = SDKROOT; };
		2242F7B418C2E46800AD3CC7 /* CoreLocation.framework */ = {isa = PBXFileReference; lastKnownFileType = wrapper.framework; name = CoreLocation.framework; path = System/Library/Frameworks/CoreLocation.framework; sourceTree = SDKROOT; };
		2242F7B618C2E47500AD3CC7 /* CoreData.framework */ = {isa = PBXFileReference; lastKnownFileType = wrapper.framework; name = CoreData.framework; path = System/Library/Frameworks/CoreData.framework; sourceTree = SDKROOT; };
		2242F7B818C2E48000AD3CC7 /* libz.dylib */ = {isa = PBXFileReference; lastKnownFileType = "compiled.mach-o.dylib"; name = libz.dylib; path = usr/lib/libz.dylib; sourceTree = SDKROOT; };
		2242F7BA18C2E48D00AD3CC7 /* MapKit.framework */ = {isa = PBXFileReference; lastKnownFileType = wrapper.framework; name = MapKit.framework; path = System/Library/Frameworks/MapKit.framework; sourceTree = SDKROOT; };
		2242F7BC18C2E49900AD3CC7 /* Security.framework */ = {isa = PBXFileReference; lastKnownFileType = wrapper.framework; name = Security.framework; path = System/Library/Frameworks/Security.framework; sourceTree = SDKROOT; };
		2242F7BF18C2E4CB00AD3CC7 /* Common.framework */ = {isa = PBXFileReference; lastKnownFileType = wrapper.framework; path = Common.framework; sourceTree = "<group>"; };
		2242F7C218C2E4CB00AD3CC7 /* ContextCore.framework */ = {isa = PBXFileReference; lastKnownFileType = wrapper.framework; path = ContextCore.framework; sourceTree = "<group>"; };
		2242F7C518C2E4CB00AD3CC7 /* ContextLocation.framework */ = {isa = PBXFileReference; lastKnownFileType = wrapper.framework; path = ContextLocation.framework; sourceTree = "<group>"; };
		2242F7C718C2E4CB00AD3CC7 /* DataModels.bundle */ = {isa = PBXFileReference; lastKnownFileType = "wrapper.plug-in"; path = DataModels.bundle; sourceTree = "<group>"; };
		2242F7C918C2E4CB00AD3CC7 /* ContextProfiling.framework */ = {isa = PBXFileReference; lastKnownFileType = wrapper.framework; path = ContextProfiling.framework; sourceTree = "<group>"; };
		2242F7CB18C2E4CB00AD3CC7 /* rules.txt */ = {isa = PBXFileReference; fileEncoding = 4; lastKnownFileType = text; path = rules.txt; sourceTree = "<group>"; };
		2242F7CC18C2E4CB00AD3CC7 /* FYX.framework */ = {isa = PBXFileReference; lastKnownFileType = wrapper.framework; path = FYX.framework; sourceTree = "<group>"; };
		2242F7CE18C2E4CB00AD3CC7 /* NetworkServices.framework */ = {isa = PBXFileReference; lastKnownFileType = wrapper.framework; path = NetworkServices.framework; sourceTree = "<group>"; };
		2242F7D818C3AE5D00AD3CC7 /* AVFoundation.framework */ = {isa = PBXFileReference; lastKnownFileType = wrapper.framework; name = AVFoundation.framework; path = System/Library/Frameworks/AVFoundation.framework; sourceTree = SDKROOT; };
		2242F7DC18C3AF4C00AD3CC7 /* norecording.wav */ = {isa = PBXFileReference; lastKnownFileType = audio.wav; path = norecording.wav; sourceTree = "<group>"; };
/* End PBXFileReference section */

/* Begin PBXFrameworksBuildPhase section */
		222AA8F218C2B2D700CEFDBD /* Frameworks */ = {
			isa = PBXFrameworksBuildPhase;
			buildActionMask = 2147483647;
			files = (
				222F80D918C972DB0045757A /* FYX.framework in Frameworks */,
				2242F7D918C3AE5D00AD3CC7 /* AVFoundation.framework in Frameworks */,
				2242F7BD18C2E49900AD3CC7 /* Security.framework in Frameworks */,
				2242F7D718C2E4CC00AD3CC7 /* NetworkServices.framework in Frameworks */,
				2242F7BB18C2E48D00AD3CC7 /* MapKit.framework in Frameworks */,
				2242F7B918C2E48000AD3CC7 /* libz.dylib in Frameworks */,
				2242F7D218C2E4CC00AD3CC7 /* ContextLocation.framework in Frameworks */,
				2242F7B718C2E47500AD3CC7 /* CoreData.framework in Frameworks */,
				2242F7D118C2E4CC00AD3CC7 /* ContextCore.framework in Frameworks */,
				2242F7B518C2E46800AD3CC7 /* CoreLocation.framework in Frameworks */,
				2242F7B318C2E45900AD3CC7 /* CoreBluetooth.framework in Frameworks */,
				222AA8FB18C2B2D700CEFDBD /* CoreGraphics.framework in Frameworks */,
				2242F7D418C2E4CC00AD3CC7 /* ContextProfiling.framework in Frameworks */,
				2242F7D018C2E4CB00AD3CC7 /* Common.framework in Frameworks */,
				222AA8FD18C2B2D700CEFDBD /* UIKit.framework in Frameworks */,
				222AA8F918C2B2D700CEFDBD /* Foundation.framework in Frameworks */,
			);
			runOnlyForDeploymentPostprocessing = 0;
		};
		222AA91318C2B2D700CEFDBD /* Frameworks */ = {
			isa = PBXFrameworksBuildPhase;
			buildActionMask = 2147483647;
			files = (
				222AA91818C2B2D700CEFDBD /* XCTest.framework in Frameworks */,
				222AA91A18C2B2D700CEFDBD /* UIKit.framework in Frameworks */,
				222AA91918C2B2D700CEFDBD /* Foundation.framework in Frameworks */,
			);
			runOnlyForDeploymentPostprocessing = 0;
		};
/* End PBXFrameworksBuildPhase section */

/* Begin PBXGroup section */
		222AA8EC18C2B2D700CEFDBD = {
			isa = PBXGroup;
			children = (
				222AA8FE18C2B2D700CEFDBD /* BabyBear */,
				222AA91D18C2B2D700CEFDBD /* BabyBearTests */,
				222AA8F718C2B2D700CEFDBD /* Frameworks */,
				222AA8F618C2B2D700CEFDBD /* Products */,
			);
			sourceTree = "<group>";
		};
		222AA8F618C2B2D700CEFDBD /* Products */ = {
			isa = PBXGroup;
			children = (
				222AA8F518C2B2D700CEFDBD /* BabyBear.app */,
				222AA91618C2B2D700CEFDBD /* BabyBearTests.xctest */,
			);
			name = Products;
			sourceTree = "<group>";
		};
		222AA8F718C2B2D700CEFDBD /* Frameworks */ = {
			isa = PBXGroup;
			children = (
				2242F7D818C3AE5D00AD3CC7 /* AVFoundation.framework */,
				2242F7BE18C2E4CB00AD3CC7 /* Common.embeddedframework */,
				2242F7C118C2E4CB00AD3CC7 /* ContextCore.embeddedframework */,
				2242F7C418C2E4CB00AD3CC7 /* ContextLocation.embeddedframework */,
				2242F7C818C2E4CB00AD3CC7 /* ContextProfiling.embeddedframework */,
				2242F7CC18C2E4CB00AD3CC7 /* FYX.framework */,
				2242F7CD18C2E4CB00AD3CC7 /* NetworkServices.embeddedframework */,
				2242F7BC18C2E49900AD3CC7 /* Security.framework */,
				2242F7BA18C2E48D00AD3CC7 /* MapKit.framework */,
				2242F7B818C2E48000AD3CC7 /* libz.dylib */,
				2242F7B618C2E47500AD3CC7 /* CoreData.framework */,
				2242F7B418C2E46800AD3CC7 /* CoreLocation.framework */,
				2242F7B218C2E45900AD3CC7 /* CoreBluetooth.framework */,
				222AA8F818C2B2D700CEFDBD /* Foundation.framework */,
				222AA8FA18C2B2D700CEFDBD /* CoreGraphics.framework */,
				222AA8FC18C2B2D700CEFDBD /* UIKit.framework */,
				222AA91718C2B2D700CEFDBD /* XCTest.framework */,
			);
			name = Frameworks;
			sourceTree = "<group>";
		};
		222AA8FE18C2B2D700CEFDBD /* BabyBear */ = {
			isa = PBXGroup;
			children = (
				2242F7DB18C3AF3B00AD3CC7 /* Media */,
				2242F7AE18C2DB0E00AD3CC7 /* Models */,
				2242F7A918C2D7A700AD3CC7 /* Images */,
				222AA90718C2B2D700CEFDBD /* AppDelegate.h */,
				222AA90818C2B2D700CEFDBD /* AppDelegate.m */,
				222AA90A18C2B2D700CEFDBD /* Main.storyboard */,
				222AA90D18C2B2D700CEFDBD /* ViewController.h */,
				222AA90E18C2B2D700CEFDBD /* ViewController.m */,
				222AA91018C2B2D700CEFDBD /* Images.xcassets */,
				222AA8FF18C2B2D700CEFDBD /* Supporting Files */,
			);
			path = BabyBear;
			sourceTree = "<group>";
		};
		222AA8FF18C2B2D700CEFDBD /* Supporting Files */ = {
			isa = PBXGroup;
			children = (
				222AA90018C2B2D700CEFDBD /* BabyBear-Info.plist */,
				222AA90118C2B2D700CEFDBD /* InfoPlist.strings */,
				222AA90418C2B2D700CEFDBD /* main.m */,
				222AA90618C2B2D700CEFDBD /* BabyBear-Prefix.pch */,
			);
			name = "Supporting Files";
			sourceTree = "<group>";
		};
		222AA91D18C2B2D700CEFDBD /* BabyBearTests */ = {
			isa = PBXGroup;
			children = (
				222AA92318C2B2D700CEFDBD /* BabyBearTests.m */,
				222AA91E18C2B2D700CEFDBD /* Supporting Files */,
			);
			path = BabyBearTests;
			sourceTree = "<group>";
		};
		222AA91E18C2B2D700CEFDBD /* Supporting Files */ = {
			isa = PBXGroup;
			children = (
				222AA91F18C2B2D700CEFDBD /* BabyBearTests-Info.plist */,
				222AA92018C2B2D700CEFDBD /* InfoPlist.strings */,
			);
			name = "Supporting Files";
			sourceTree = "<group>";
		};
		2242F7A918C2D7A700AD3CC7 /* Images */ = {
			isa = PBXGroup;
			children = (
				2242F7AC18C2D7D000AD3CC7 /* Bottle.png */,
				2242F7AA18C2D7BD00AD3CC7 /* Bear.png */,
			);
			name = Images;
			sourceTree = "<group>";
		};
		2242F7AE18C2DB0E00AD3CC7 /* Models */ = {
			isa = PBXGroup;
			children = (
				2242F7AF18C2DC2100AD3CC7 /* BabyObjects.h */,
				2242F7B018C2DC2100AD3CC7 /* BabyObjects.m */,
			);
			name = Models;
			sourceTree = "<group>";
		};
		2242F7BE18C2E4CB00AD3CC7 /* Common.embeddedframework */ = {
			isa = PBXGroup;
			children = (
				2242F7BF18C2E4CB00AD3CC7 /* Common.framework */,
				2242F7C018C2E4CB00AD3CC7 /* Resources */,
			);
			path = Common.embeddedframework;
			sourceTree = "<group>";
		};
		2242F7C018C2E4CB00AD3CC7 /* Resources */ = {
			isa = PBXGroup;
			children = (
			);
			path = Resources;
			sourceTree = "<group>";
		};
		2242F7C118C2E4CB00AD3CC7 /* ContextCore.embeddedframework */ = {
			isa = PBXGroup;
			children = (
				2242F7C218C2E4CB00AD3CC7 /* ContextCore.framework */,
				2242F7C318C2E4CB00AD3CC7 /* Resources */,
			);
			path = ContextCore.embeddedframework;
			sourceTree = "<group>";
		};
		2242F7C318C2E4CB00AD3CC7 /* Resources */ = {
			isa = PBXGroup;
			children = (
			);
			path = Resources;
			sourceTree = "<group>";
		};
		2242F7C418C2E4CB00AD3CC7 /* ContextLocation.embeddedframework */ = {
			isa = PBXGroup;
			children = (
				2242F7C518C2E4CB00AD3CC7 /* ContextLocation.framework */,
				2242F7C618C2E4CB00AD3CC7 /* Resources */,
			);
			path = ContextLocation.embeddedframework;
			sourceTree = "<group>";
		};
		2242F7C618C2E4CB00AD3CC7 /* Resources */ = {
			isa = PBXGroup;
			children = (
				2242F7C718C2E4CB00AD3CC7 /* DataModels.bundle */,
			);
			path = Resources;
			sourceTree = "<group>";
		};
		2242F7C818C2E4CB00AD3CC7 /* ContextProfiling.embeddedframework */ = {
			isa = PBXGroup;
			children = (
				2242F7C918C2E4CB00AD3CC7 /* ContextProfiling.framework */,
				2242F7CA18C2E4CB00AD3CC7 /* Resources */,
			);
			path = ContextProfiling.embeddedframework;
			sourceTree = "<group>";
		};
		2242F7CA18C2E4CB00AD3CC7 /* Resources */ = {
			isa = PBXGroup;
			children = (
				2242F7CB18C2E4CB00AD3CC7 /* rules.txt */,
			);
			path = Resources;
			sourceTree = "<group>";
		};
		2242F7CD18C2E4CB00AD3CC7 /* NetworkServices.embeddedframework */ = {
			isa = PBXGroup;
			children = (
				2242F7CE18C2E4CB00AD3CC7 /* NetworkServices.framework */,
				2242F7CF18C2E4CB00AD3CC7 /* Resources */,
			);
			path = NetworkServices.embeddedframework;
			sourceTree = "<group>";
		};
		2242F7CF18C2E4CB00AD3CC7 /* Resources */ = {
			isa = PBXGroup;
			children = (
			);
			path = Resources;
			sourceTree = "<group>";
		};
		2242F7DB18C3AF3B00AD3CC7 /* Media */ = {
			isa = PBXGroup;
			children = (
				2242F7DC18C3AF4C00AD3CC7 /* norecording.wav */,
			);
			name = Media;
			sourceTree = "<group>";
		};
/* End PBXGroup section */

/* Begin PBXNativeTarget section */
		222AA8F418C2B2D700CEFDBD /* BabyBear */ = {
			isa = PBXNativeTarget;
			buildConfigurationList = 222AA92718C2B2D700CEFDBD /* Build configuration list for PBXNativeTarget "BabyBear" */;
			buildPhases = (
				222AA8F118C2B2D700CEFDBD /* Sources */,
				222AA8F218C2B2D700CEFDBD /* Frameworks */,
				222AA8F318C2B2D700CEFDBD /* Resources */,
			);
			buildRules = (
			);
			dependencies = (
			);
			name = BabyBear;
			productName = BabyBear;
			productReference = 222AA8F518C2B2D700CEFDBD /* BabyBear.app */;
			productType = "com.apple.product-type.application";
		};
		222AA91518C2B2D700CEFDBD /* BabyBearTests */ = {
			isa = PBXNativeTarget;
			buildConfigurationList = 222AA92A18C2B2D700CEFDBD /* Build configuration list for PBXNativeTarget "BabyBearTests" */;
			buildPhases = (
				222AA91218C2B2D700CEFDBD /* Sources */,
				222AA91318C2B2D700CEFDBD /* Frameworks */,
				222AA91418C2B2D700CEFDBD /* Resources */,
			);
			buildRules = (
			);
			dependencies = (
				222AA91C18C2B2D700CEFDBD /* PBXTargetDependency */,
			);
			name = BabyBearTests;
			productName = BabyBearTests;
			productReference = 222AA91618C2B2D700CEFDBD /* BabyBearTests.xctest */;
			productType = "com.apple.product-type.bundle.unit-test";
		};
/* End PBXNativeTarget section */

/* Begin PBXProject section */
		222AA8ED18C2B2D700CEFDBD /* Project object */ = {
			isa = PBXProject;
			attributes = {
				LastUpgradeCheck = 0500;
				ORGANIZATIONNAME = "Kvana Inc.";
				TargetAttributes = {
					222AA8F418C2B2D700CEFDBD = {
						DevelopmentTeam = AX766J88NA;
					};
					222AA91518C2B2D700CEFDBD = {
						TestTargetID = 222AA8F418C2B2D700CEFDBD;
					};
				};
			};
			buildConfigurationList = 222AA8F018C2B2D700CEFDBD /* Build configuration list for PBXProject "BabyBear" */;
			compatibilityVersion = "Xcode 3.2";
			developmentRegion = English;
			hasScannedForEncodings = 0;
			knownRegions = (
				en,
				Base,
			);
			mainGroup = 222AA8EC18C2B2D700CEFDBD;
			productRefGroup = 222AA8F618C2B2D700CEFDBD /* Products */;
			projectDirPath = "";
			projectRoot = "";
			targets = (
				222AA8F418C2B2D700CEFDBD /* BabyBear */,
				222AA91518C2B2D700CEFDBD /* BabyBearTests */,
			);
		};
/* End PBXProject section */

/* Begin PBXResourcesBuildPhase section */
		222AA8F318C2B2D700CEFDBD /* Resources */ = {
			isa = PBXResourcesBuildPhase;
			buildActionMask = 2147483647;
			files = (
				222AA91118C2B2D700CEFDBD /* Images.xcassets in Resources */,
				2242F7AB18C2D7BD00AD3CC7 /* Bear.png in Resources */,
				222AA90318C2B2D700CEFDBD /* InfoPlist.strings in Resources */,
				2242F7AD18C2D7D000AD3CC7 /* Bottle.png in Resources */,
				222AA90C18C2B2D700CEFDBD /* Main.storyboard in Resources */,
				2242F7DD18C3AF4C00AD3CC7 /* norecording.wav in Resources */,
				2242F7D318C2E4CC00AD3CC7 /* DataModels.bundle in Resources */,
				2242F7D518C2E4CC00AD3CC7 /* rules.txt in Resources */,
			);
			runOnlyForDeploymentPostprocessing = 0;
		};
		222AA91418C2B2D700CEFDBD /* Resources */ = {
			isa = PBXResourcesBuildPhase;
			buildActionMask = 2147483647;
			files = (
				222AA92218C2B2D700CEFDBD /* InfoPlist.strings in Resources */,
			);
			runOnlyForDeploymentPostprocessing = 0;
		};
/* End PBXResourcesBuildPhase section */

/* Begin PBXSourcesBuildPhase section */
		222AA8F118C2B2D700CEFDBD /* Sources */ = {
			isa = PBXSourcesBuildPhase;
			buildActionMask = 2147483647;
			files = (
				2242F7B118C2DC2100AD3CC7 /* BabyObjects.m in Sources */,
				222AA90F18C2B2D700CEFDBD /* ViewController.m in Sources */,
				222AA90918C2B2D700CEFDBD /* AppDelegate.m in Sources */,
				222AA90518C2B2D700CEFDBD /* main.m in Sources */,
			);
			runOnlyForDeploymentPostprocessing = 0;
		};
		222AA91218C2B2D700CEFDBD /* Sources */ = {
			isa = PBXSourcesBuildPhase;
			buildActionMask = 2147483647;
			files = (
				222AA92418C2B2D700CEFDBD /* BabyBearTests.m in Sources */,
			);
			runOnlyForDeploymentPostprocessing = 0;
		};
/* End PBXSourcesBuildPhase section */

/* Begin PBXTargetDependency section */
		222AA91C18C2B2D700CEFDBD /* PBXTargetDependency */ = {
			isa = PBXTargetDependency;
			target = 222AA8F418C2B2D700CEFDBD /* BabyBear */;
			targetProxy = 222AA91B18C2B2D700CEFDBD /* PBXContainerItemProxy */;
		};
/* End PBXTargetDependency section */

/* Begin PBXVariantGroup section */
		222AA90118C2B2D700CEFDBD /* InfoPlist.strings */ = {
			isa = PBXVariantGroup;
			children = (
				222AA90218C2B2D700CEFDBD /* en */,
			);
			name = InfoPlist.strings;
			sourceTree = "<group>";
		};
		222AA90A18C2B2D700CEFDBD /* Main.storyboard */ = {
			isa = PBXVariantGroup;
			children = (
				222AA90B18C2B2D700CEFDBD /* Base */,
			);
			name = Main.storyboard;
			sourceTree = "<group>";
		};
		222AA92018C2B2D700CEFDBD /* InfoPlist.strings */ = {
			isa = PBXVariantGroup;
			children = (
				222AA92118C2B2D700CEFDBD /* en */,
			);
			name = InfoPlist.strings;
			sourceTree = "<group>";
		};
/* End PBXVariantGroup section */

/* Begin XCBuildConfiguration section */
		222AA92518C2B2D700CEFDBD /* Debug */ = {
			isa = XCBuildConfiguration;
			buildSettings = {
				ALWAYS_SEARCH_USER_PATHS = NO;
				ARCHS = "$(ARCHS_STANDARD_INCLUDING_64_BIT)";
				CLANG_CXX_LANGUAGE_STANDARD = "gnu++0x";
				CLANG_CXX_LIBRARY = "libc++";
				CLANG_ENABLE_MODULES = YES;
				CLANG_ENABLE_OBJC_ARC = YES;
				CLANG_WARN_BOOL_CONVERSION = YES;
				CLANG_WARN_CONSTANT_CONVERSION = YES;
				CLANG_WARN_DIRECT_OBJC_ISA_USAGE = YES_ERROR;
				CLANG_WARN_EMPTY_BODY = YES;
				CLANG_WARN_ENUM_CONVERSION = YES;
				CLANG_WARN_INT_CONVERSION = YES;
				CLANG_WARN_OBJC_ROOT_CLASS = YES_ERROR;
				CLANG_WARN__DUPLICATE_METHOD_MATCH = YES;
				"CODE_SIGN_IDENTITY[sdk=iphoneos*]" = "iPhone Developer";
				COPY_PHASE_STRIP = NO;
				GCC_C_LANGUAGE_STANDARD = gnu99;
				GCC_DYNAMIC_NO_PIC = NO;
				GCC_OPTIMIZATION_LEVEL = 0;
				GCC_PREPROCESSOR_DEFINITIONS = (
					"DEBUG=1",
					"$(inherited)",
				);
				GCC_SYMBOLS_PRIVATE_EXTERN = NO;
				GCC_WARN_64_TO_32_BIT_CONVERSION = YES;
				GCC_WARN_ABOUT_RETURN_TYPE = YES_ERROR;
				GCC_WARN_UNDECLARED_SELECTOR = YES;
				GCC_WARN_UNINITIALIZED_AUTOS = YES;
				GCC_WARN_UNUSED_FUNCTION = YES;
				GCC_WARN_UNUSED_VARIABLE = YES;
				IPHONEOS_DEPLOYMENT_TARGET = 7.0;
				ONLY_ACTIVE_ARCH = YES;
				SDKROOT = iphoneos;
			};
			name = Debug;
		};
		222AA92618C2B2D700CEFDBD /* Release */ = {
			isa = XCBuildConfiguration;
			buildSettings = {
				ALWAYS_SEARCH_USER_PATHS = NO;
				ARCHS = "$(ARCHS_STANDARD_INCLUDING_64_BIT)";
				CLANG_CXX_LANGUAGE_STANDARD = "gnu++0x";
				CLANG_CXX_LIBRARY = "libc++";
				CLANG_ENABLE_MODULES = YES;
				CLANG_ENABLE_OBJC_ARC = YES;
				CLANG_WARN_BOOL_CONVERSION = YES;
				CLANG_WARN_CONSTANT_CONVERSION = YES;
				CLANG_WARN_DIRECT_OBJC_ISA_USAGE = YES_ERROR;
				CLANG_WARN_EMPTY_BODY = YES;
				CLANG_WARN_ENUM_CONVERSION = YES;
				CLANG_WARN_INT_CONVERSION = YES;
				CLANG_WARN_OBJC_ROOT_CLASS = YES_ERROR;
				CLANG_WARN__DUPLICATE_METHOD_MATCH = YES;
				"CODE_SIGN_IDENTITY[sdk=iphoneos*]" = "iPhone Developer";
				COPY_PHASE_STRIP = YES;
				ENABLE_NS_ASSERTIONS = NO;
				GCC_C_LANGUAGE_STANDARD = gnu99;
				GCC_WARN_64_TO_32_BIT_CONVERSION = YES;
				GCC_WARN_ABOUT_RETURN_TYPE = YES_ERROR;
				GCC_WARN_UNDECLARED_SELECTOR = YES;
				GCC_WARN_UNINITIALIZED_AUTOS = YES;
				GCC_WARN_UNUSED_FUNCTION = YES;
				GCC_WARN_UNUSED_VARIABLE = YES;
				IPHONEOS_DEPLOYMENT_TARGET = 7.0;
				SDKROOT = iphoneos;
				VALIDATE_PRODUCT = YES;
			};
			name = Release;
		};
		222AA92818C2B2D700CEFDBD /* Debug */ = {
			isa = XCBuildConfiguration;
			buildSettings = {
				ASSETCATALOG_COMPILER_APPICON_NAME = AppIcon;
				ASSETCATALOG_COMPILER_LAUNCHIMAGE_NAME = LaunchImage;
				CODE_SIGN_IDENTITY = "iPhone Developer";
				"CODE_SIGN_IDENTITY[sdk=iphoneos*]" = "iPhone Developer";
				FRAMEWORK_SEARCH_PATHS = (
					"$(inherited)",
					/Users/awesome/Developer/apple/hackathons/BabyBear/Common.embeddedframework,
					/Users/awesome/Developer/apple/hackathons/BabyBear/ContextCore.embeddedframework,
					/Users/awesome/Developer/apple/hackathons/BabyBear/ContextLocation.embeddedframework,
					/Users/awesome/Developer/apple/hackathons/BabyBear/ContextProfiling.embeddedframework,
					/Users/awesome/Developer/apple/hackathons/BabyBear,
					/Users/awesome/Developer/apple/hackathons/BabyBear/NetworkServices.embeddedframework,
				);
				GCC_PRECOMPILE_PREFIX_HEADER = YES;
				GCC_PREFIX_HEADER = "BabyBear/BabyBear-Prefix.pch";
				INFOPLIST_FILE = "BabyBear/BabyBear-Info.plist";
				PRODUCT_NAME = "$(TARGET_NAME)";
				PROVISIONING_PROFILE = "";
				WRAPPER_EXTENSION = app;
			};
			name = Debug;
		};
		222AA92918C2B2D700CEFDBD /* Release */ = {
			isa = XCBuildConfiguration;
			buildSettings = {
				ASSETCATALOG_COMPILER_APPICON_NAME = AppIcon;
				ASSETCATALOG_COMPILER_LAUNCHIMAGE_NAME = LaunchImage;
				CODE_SIGN_IDENTITY = "iPhone Developer";
				"CODE_SIGN_IDENTITY[sdk=iphoneos*]" = "iPhone Developer";
				FRAMEWORK_SEARCH_PATHS = (
					"$(inherited)",
					/Users/awesome/Developer/apple/hackathons/BabyBear/Common.embeddedframework,
					/Users/awesome/Developer/apple/hackathons/BabyBear/ContextCore.embeddedframework,
					/Users/awesome/Developer/apple/hackathons/BabyBear/ContextLocation.embeddedframework,
					/Users/awesome/Developer/apple/hackathons/BabyBear/ContextProfiling.embeddedframework,
					/Users/awesome/Developer/apple/hackathons/BabyBear,
					/Users/awesome/Developer/apple/hackathons/BabyBear/NetworkServices.embeddedframework,
				);
				GCC_PRECOMPILE_PREFIX_HEADER = YES;
				GCC_PREFIX_HEADER = "BabyBear/BabyBear-Prefix.pch";
				INFOPLIST_FILE = "BabyBear/BabyBear-Info.plist";
				PRODUCT_NAME = "$(TARGET_NAME)";
				PROVISIONING_PROFILE = "";
				WRAPPER_EXTENSION = app;
			};
			name = Release;
		};
		222AA92B18C2B2D700CEFDBD /* Debug */ = {
			isa = XCBuildConfiguration;
			buildSettings = {
				ARCHS = "$(ARCHS_STANDARD_INCLUDING_64_BIT)";
				BUNDLE_LOADER = "$(BUILT_PRODUCTS_DIR)/BabyBear.app/BabyBear";
				FRAMEWORK_SEARCH_PATHS = (
					"$(SDKROOT)/Developer/Library/Frameworks",
					"$(inherited)",
					"$(DEVELOPER_FRAMEWORKS_DIR)",
				);
				GCC_PRECOMPILE_PREFIX_HEADER = YES;
				GCC_PREFIX_HEADER = "BabyBear/BabyBear-Prefix.pch";
				GCC_PREPROCESSOR_DEFINITIONS = (
					"DEBUG=1",
					"$(inherited)",
				);
				INFOPLIST_FILE = "BabyBearTests/BabyBearTests-Info.plist";
				PRODUCT_NAME = "$(TARGET_NAME)";
				TEST_HOST = "$(BUNDLE_LOADER)";
				WRAPPER_EXTENSION = xctest;
			};
			name = Debug;
		};
		222AA92C18C2B2D700CEFDBD /* Release */ = {
			isa = XCBuildConfiguration;
			buildSettings = {
				ARCHS = "$(ARCHS_STANDARD_INCLUDING_64_BIT)";
				BUNDLE_LOADER = "$(BUILT_PRODUCTS_DIR)/BabyBear.app/BabyBear";
				FRAMEWORK_SEARCH_PATHS = (
					"$(SDKROOT)/Developer/Library/Frameworks",
					"$(inherited)",
					"$(DEVELOPER_FRAMEWORKS_DIR)",
				);
				GCC_PRECOMPILE_PREFIX_HEADER = YES;
				GCC_PREFIX_HEADER = "BabyBear/BabyBear-Prefix.pch";
				INFOPLIST_FILE = "BabyBearTests/BabyBearTests-Info.plist";
				PRODUCT_NAME = "$(TARGET_NAME)";
				TEST_HOST = "$(BUNDLE_LOADER)";
				WRAPPER_EXTENSION = xctest;
			};
			name = Release;
		};
/* End XCBuildConfiguration section */

/* Begin XCConfigurationList section */
		222AA8F018C2B2D700CEFDBD /* Build configuration list for PBXProject "BabyBear" */ = {
			isa = XCConfigurationList;
			buildConfigurations = (
				222AA92518C2B2D700CEFDBD /* Debug */,
				222AA92618C2B2D700CEFDBD /* Release */,
			);
			defaultConfigurationIsVisible = 0;
			defaultConfigurationName = Release;
		};
		222AA92718C2B2D700CEFDBD /* Build configuration list for PBXNativeTarget "BabyBear" */ = {
			isa = XCConfigurationList;
			buildConfigurations = (
				222AA92818C2B2D700CEFDBD /* Debug */,
				222AA92918C2B2D700CEFDBD /* Release */,
			);
			defaultConfigurationIsVisible = 0;
			defaultConfigurationName = Release;
		};
		222AA92A18C2B2D700CEFDBD /* Build configuration list for PBXNativeTarget "BabyBearTests" */ = {
			isa = XCConfigurationList;
			buildConfigurations = (
				222AA92B18C2B2D700CEFDBD /* Debug */,
				222AA92C18C2B2D700CEFDBD /* Release */,
			);
			defaultConfigurationIsVisible = 0;
			defaultConfigurationName = Release;
		};
/* End XCConfigurationList section */
	};
	rootObject = 222AA8ED18C2B2D700CEFDBD /* Project object */;
}
